
Microsoft Visual Studio Solution File, Format Version 12.00
# Visual Studio Version 17
VisualStudioVersion = 17.7.34031.279
MinimumVisualStudioVersion = 10.0.40219.1
Project("{FAE04EC0-301F-11D3-BF4B-00C04F79EFBC}") = "T_Zoo_OB_Spect", "T_Zoo_OB_Spect\T_Zoo_OB_Spect.csproj", "{AB2AE25A-4951-471E-B0EB-E2A4D6F39B7E}"
EndProject
Global
	GlobalSection(SolutionConfigurationPlatforms) = preSolution
		Debug|Any CPU = Debug|Any CPU
		Release|Any CPU = Release|Any CPU
	EndGlobalSection
	GlobalSection(ProjectConfigurationPlatforms) = postSolution
		{AB2AE25A-4951-471E-B0EB-E2A4D6F39B7E}.Debug|Any CPU.ActiveCfg = Debug|Any CPU
		{AB2AE25A-4951-471E-B0EB-E2A4D6F39B7E}.Debug|Any CPU.Build.0 = Debug|Any CPU
		{AB2AE25A-4951-471E-B0EB-E2A4D6F39B7E}.Debug|Any CPU.Deploy.0 = Debug|Any CPU
		{AB2AE25A-4951-471E-B0EB-E2A4D6F39B7E}.Release|Any CPU.ActiveCfg = Release|Any CPU
		{AB2AE25A-4951-471E-B0EB-E2A4D6F39B7E}.Release|Any CPU.Build.0 = Release|Any CPU
		{AB2AE25A-4951-471E-B0EB-E2A4D6F39B7E}.Release|Any CPU.Deploy.0 = Release|Any CPU
	EndGlobalSection
	GlobalSection(SolutionProperties) = preSolution
		HideSolutionNode = FALSE
	EndGlobalSection
	GlobalSection(ExtensibilityGlobals) = postSolution
		SolutionGuid = {8C8D0788-0590-45D2-B5AD-F4734D59169A}
	EndGlobalSection
EndGlobal
